{
  "name": "fixture-react-survey-core",
  "version": "1.0.0",
  "lockfileVersion": 3,
  "requires": true,
  "packages": {
    "": {
      "name": "fixture-react-survey-core",
      "version": "1.0.0",
      "dependencies": {
        "react": "^19.2.8",
        "react-dom": "^19.2.8",
        "survey-core": "^3.0.1",
        "survey-react-ui": "^3.0.1"
      }
    },
    "node_modules/react": { "version": "19.2.8" },
    "node_modules/react-dom": { "version": "19.2.8" },
    "node_modules/survey-core": { "version": "3.0.1" },
    "node_modules/survey-react-ui": { "version": "3.0.1" }
  }
}
