# THIS IS AN AUTOGENERATED FILE. DO NOT EDIT THIS FILE DIRECTLY.
# yarn lockfile v1


survey-pdf@^3.0.1:
  version "3.0.1"
  resolved "https://registry.yarnpkg.com/survey-pdf/-/survey-pdf-3.0.1.tgz"
  integrity sha512-0000000000000000000000000000000000000000000000000000000000000000000000000000000000000
