{
  "name": "fixture-agents-md-existing",
  "version": "1.0.0",
  "lockfileVersion": 3,
  "requires": true,
  "packages": {
    "": {
      "name": "fixture-agents-md-existing",
      "version": "1.0.0"
    },
    "node_modules/survey-analytics": { "version": "3.0.1" },
    "node_modules/survey-core": { "version": "3.0.1" },
    "node_modules/survey-js-ui": { "version": "3.0.1" }
  }
}
